# This file is automatically @generated by Poetry 1.8.2 and should not be changed by hand.

[[package]]
name = "mpy-cross-v5"
version = "1.0.2"
description = "Python wrapper for the mpy-cross tool from MicroPython."
optional = false
python-versions = "*"
files = [
    {file = "mpy_cross_v5-1.0.2-py3-none-macosx_10_9_x86_64.whl", hash = "sha256:ff39973757c5320f6b8847092c27b6a101d968886f95cc0ae8287cea3589764b"},
    {file = "mpy_cross_v5-1.0.2-py3-none-macosx_11_0_arm64.whl", hash = "sha256:6ffdf89264177ad38dcf91bc35dae4c3f4fc1c1f6db52c39401e23b618319560"},
    {file = "mpy_cross_v5-1.0.2-py3-none-manylinux_2_17_aarch64.manylinux2014_aarch64.whl", hash = "sha256:8d6de29ffd19c9c0644ff37aa05e983ca560981ce020cbd71c23b55b72b57c02"},
    {file = "mpy_cross_v5-1.0.2-py3-none-manylinux_2_17_x86_64.manylinux2014_x86_64.whl", hash = "sha256:b53afef10e315dbe85a294d932e9af4638abc95e10d0feeaab44119e25c627d2"},
    {file = "mpy_cross_v5-1.0.2-py3-none-musllinux_1_1_aarch64.whl", hash = "sha256:6fbc3f256726ce01f0621b1b964097dcc6efc9eabb205f413773a3066d5be277"},
    {file = "mpy_cross_v5-1.0.2-py3-none-musllinux_1_1_x86_64.whl", hash = "sha256:a3d9c151318c5c4d298fb477497b15ccb2bcde4f0d7e32a7b02179482429a52e"},
    {file = "mpy_cross_v5-1.0.2-py3-none-win32.whl", hash = "sha256:121c22ba2fef5549ceb0640d046c0606857d83cf93aa1bda8084fee8366aa148"},
    {file = "mpy_cross_v5-1.0.2-py3-none-win_amd64.whl", hash = "sha256:bc003357bdc69912a0affa2bb87cefe531bcdcd21e1646f939a4773d6801b435"},
    {file = "mpy_cross_v5-1.0.2.tar.gz", hash = "sha256:50797bd49e675d262d44816c407f8c8074b4d4304ff9b8dd7aec35f3210b29ce"},
]

[[package]]
name = "mpy-cross-v6"
version = "1.0.2"
description = "Python wrapper for the mpy-cross tool from MicroPython."
optional = false
python-versions = "*"
files = [
    {file = "mpy_cross_v6-1.0.2-py3-none-macosx_10_9_x86_64.whl", hash = "sha256:5de0c37656d70376c15e2258f7d3440a1c7723de5543583c8c862b615963c406"},
    {file = "mpy_cross_v6-1.0.2-py3-none-macosx_11_0_arm64.whl", hash = "sha256:d4d3d041efbc7152613f57e79e6dab3951195a138fb0955a5bc10b35cd9a5076"},
    {file = "mpy_cross_v6-1.0.2-py3-none-manylinux_2_17_aarch64.manylinux2014_aarch64.whl", hash = "sha256:fc11204a04a62efeaa188e682f9df8106efa5b7ed2e054ffb00e2231b2068ab8"},
    {file = "mpy_cross_v6-1.0.2-py3-none-manylinux_2_17_x86_64.manylinux2014_x86_64.whl", hash = "sha256:497e0206f35cb2156081ccbb90969dc1a3b379b12b7e873a609de7b4f4ad51f6"},
    {file = "mpy_cross_v6-1.0.2-py3-none-musllinux_1_1_aarch64.whl", hash = "sha256:7e6517335e845ae2d3f433f680854a646caa8f3b24dc8cd7afef1698a61f4773"},
    {file = "mpy_cross_v6-1.0.2-py3-none-musllinux_1_1_x86_64.whl", hash = "sha256:99978e8bf6acb3265da72157559080792bcf4646db3c797546e581972fb13c0d"},
    {file = "mpy_cross_v6-1.0.2-py3-none-win32.whl", hash = "sha256:db7ca32c3c74ee3ca18d9032a7d0fd6f77054f0dc1830fba607b50183721a738"},
    {file = "mpy_cross_v6-1.0.2-py3-none-win_amd64.whl", hash = "sha256:5a63e082d9084e4e51ba023d844dc92ea32f777536e46969895b9fc89011a8db"},
    {file = "mpy_cross_v6-1.0.2.tar.gz", hash = "sha256:8e67d5ddf4fd49274a0eb6efe60a919a90c57925c0b2127154b75f23d18f7f96"},
]

[[package]]
name = "mpy-cross-v6-1"
version = "1.0.1"
description = "Python wrapper for the mpy-cross tool from MicroPython."
optional = false
python-versions = "*"
files = [
    {file = "mpy_cross_v6.1-1.0.1-py3-none-macosx_10_9_x86_64.whl", hash = "sha256:9605daa86e062b5d69b2c7a962df476ad3ef96aadf5fb0dd1d4db6348d1fedf4"},
    {file = "mpy_cross_v6.1-1.0.1-py3-none-macosx_11_0_arm64.whl", hash = "sha256:6266b69b444fd7067a6b1cb8ed2102af42b7c91eb69fc3996de662776807afba"},
    {file = "mpy_cross_v6.1-1.0.1-py3-none-manylinux_2_17_aarch64.manylinux2014_aarch64.whl", hash = "sha256:f1cc08228915e1e886389cf6e1f6433943bfe94ecf053ace5a6859a1ba759cfc"},
    {file = "mpy_cross_v6.1-1.0.1-py3-none-manylinux_2_17_x86_64.manylinux2014_x86_64.whl", hash = "sha256:66b4ea160896c09a8f3da3359df21f9a1ef1ad7cc2874c36e84f549dfb9ed5d1"},
    {file = "mpy_cross_v6.1-1.0.1-py3-none-musllinux_1_1_aarch64.whl", hash = "sha256:b9bd6dd994110cd67f28142e3f892e3c25daa3a68733400d7d39b0fae7c5baf3"},
    {file = "mpy_cross_v6.1-1.0.1-py3-none-musllinux_1_1_x86_64.whl", hash = "sha256:41ea529d2ab68ea81ea1bf1cbe39cbc8c51e3d4c6d1b2a8d7c0e5b2f43a75e54"},
    {file = "mpy_cross_v6.1-1.0.1-py3-none-win32.whl", hash = "sha256:8bf798176148a46f77c894c58b30258105d240c1bb7016bbd95405e2b18153c1"},
    {file = "mpy_cross_v6.1-1.0.1-py3-none-win_amd64.whl", hash = "sha256:0bd6de020968fabaa438405cc602e9eb9895c8358f35e0f0c4b171ffb7c87541"},
    {file = "mpy_cross_v6_1-1.0.1.tar.gz", hash = "sha256:7f7839aafbb290c12125381d8a24f3114a057aa3744aa2377492bee0d674c12c"},
]

[[package]]
name = "mpy-cross-v6-2"
version = "1.0.0"
description = "Python wrapper for the mpy-cross tool from MicroPython."
optional = false
python-versions = "*"
files = [
    {file = "mpy_cross_v6.2-1.0.0-py3-none-macosx_10_9_x86_64.whl", hash = "sha256:209002d44995fe32d91178765b204c9a1b3f2efe14323674ef27ef6e9d236682"},
    {file = "mpy_cross_v6.2-1.0.0-py3-none-macosx_11_0_arm64.whl", hash = "sha256:c186bad8e7c9d21338ab8982860a6a23866cb2f4741f684de7a39869b3508337"},
    {file = "mpy_cross_v6.2-1.0.0-py3-none-manylinux_2_17_aarch64.manylinux2014_aarch64.whl", hash = "sha256:e7737b3c7f2fb4f5d862be7eca48ca36e9873d7417deeeba0ed49b08e451f6c1"},
    {file = "mpy_cross_v6.2-1.0.0-py3-none-manylinux_2_17_x86_64.manylinux2014_x86_64.whl", hash = "sha256:7677ed59e20b0ec5293b7d38d554799deb0fd94501919ac9fe74c90ac8c9917a"},
    {file = "mpy_cross_v6.2-1.0.0-py3-none-musllinux_1_1_aarch64.whl", hash = "sha256:d19fd26f2bc61e423b44123e31b441feb2c0a84f9330bb4cfb3bed504285e667"},
    {file = "mpy_cross_v6.2-1.0.0-py3-none-musllinux_1_1_x86_64.whl", hash = "sha256:685d4c467875dfbbca40391536a920cbff3c65ab4d81dbaf8122ea935dbd2313"},
    {file = "mpy_cross_v6.2-1.0.0-py3-none-win32.whl", hash = "sha256:4c38b2ad15f7ce5942a4b453a365e0c8180cf5e9b04a1daee4ed751dbef3fb29"},
    {file = "mpy_cross_v6.2-1.0.0-py3-none-win_amd64.whl", hash = "sha256:8beb42222a82450e3bbcb2ae95045d81281b8dfdf7a81e341d500b737ab37625"},
    {file = "mpy_cross_v6_2-1.0.0.tar.gz", hash = "sha256:a6e5133b8febdaaba54c87ce2d630196e3aa36e61bb0e8f233ec3cc87d808761"},
]

[[package]]
name = "mpy-cross-v6-3"
version = "1.0.0"
description = "Python wrapper for the mpy-cross tool from MicroPython."
optional = false
python-versions = "*"
files = [
    {file = "mpy_cross_v6.3-1.0.0-py3-none-macosx_10_9_x86_64.whl", hash = "sha256:0e300826212ed6b7e71c78b5545a69e890772a664d8c7f75edf294e3eb24641f"},
    {file = "mpy_cross_v6.3-1.0.0-py3-none-macosx_11_0_arm64.whl", hash = "sha256:daa71057fc4be2b757a8b4b01fadf92b258f7416bac279f4dc11fb799b59fd25"},
    {file = "mpy_cross_v6.3-1.0.0-py3-none-manylinux_2_17_aarch64.manylinux2014_aarch64.whl", hash = "sha256:91529223a892fe2b79b5d769bf912815dcf937ab90e252caae5d871aee21fc1c"},
    {file = "mpy_cross_v6.3-1.0.0-py3-none-manylinux_2_17_x86_64.manylinux2014_x86_64.whl", hash = "sha256:768d43dae8b05910e3682f6d9287a1c1cc20dfbe198339dfcd1e676c749ef7b0"},
    {file = "mpy_cross_v6.3-1.0.0-py3-none-musllinux_1_2_aarch64.whl", hash = "sha256:559d2357321f6a14b9bed6c2d6e4fe33fbd8012fdcfa7e05488e7f5a297aa409"},
    {file = "mpy_cross_v6.3-1.0.0-py3-none-musllinux_1_2_x86_64.whl", hash = "sha256:e63ace8f8a9b4780ffa3037655d7241253b92baeabdc55ad6fd69857bbb6c95d"},
    {file = "mpy_cross_v6.3-1.0.0-py3-none-win32.whl", hash = "sha256:085adaf9072c9b0fea97ee99dc59fdc39df1f4d054656921505b79390e8927a7"},
    {file = "mpy_cross_v6.3-1.0.0-py3-none-win_amd64.whl", hash = "sha256:0082e69148e7e5aab3bc264b823e697cbd44284884a6dd12990a4b21ff7b3a24"},
    {file = "mpy_cross_v6_3-1.0.0.tar.gz", hash = "sha256:58e233609598d0a72f71ec907bccdc7d3c2ea08de85cc86a06dbaeb3382df9d8"},
]

[[package]]
name = "ruff"
version = "0.4.3"
description = "An extremely fast Python linter and code formatter, written in Rust."
optional = false
python-versions = ">=3.7"
files = [
    {file = "ruff-0.4.3-py3-none-macosx_10_12_x86_64.whl", hash = "sha256:b70800c290f14ae6fcbb41bbe201cf62dfca024d124a1f373e76371a007454ce"},
    {file = "ruff-0.4.3-py3-none-macosx_11_0_arm64.whl", hash = "sha256:08a0d6a22918ab2552ace96adeaca308833873a4d7d1d587bb1d37bae8728eb3"},
    {file = "ruff-0.4.3-py3-none-manylinux_2_17_aarch64.manylinux2014_aarch64.whl", hash = "sha256:eba1f14df3c758dd7de5b55fbae7e1c8af238597961e5fb628f3de446c3c40c5"},
    {file = "ruff-0.4.3-py3-none-manylinux_2_17_armv7l.manylinux2014_armv7l.whl", hash = "sha256:819fb06d535cc76dfddbfe8d3068ff602ddeb40e3eacbc90e0d1272bb8d97113"},
    {file = "ruff-0.4.3-py3-none-manylinux_2_17_i686.manylinux2014_i686.whl", hash = "sha256:0bfc9e955e6dc6359eb6f82ea150c4f4e82b660e5b58d9a20a0e42ec3bb6342b"},
    {file = "ruff-0.4.3-py3-none-manylinux_2_17_ppc64.manylinux2014_ppc64.whl", hash = "sha256:510a67d232d2ebe983fddea324dbf9d69b71c4d2dfeb8a862f4a127536dd4cfb"},
    {file = "ruff-0.4.3-py3-none-manylinux_2_17_ppc64le.manylinux2014_ppc64le.whl", hash = "sha256:dc9ff11cd9a092ee7680a56d21f302bdda14327772cd870d806610a3503d001f"},
    {file = "ruff-0.4.3-py3-none-manylinux_2_17_s390x.manylinux2014_s390x.whl", hash = "sha256:29efff25bf9ee685c2c8390563a5b5c006a3fee5230d28ea39f4f75f9d0b6f2f"},
    {file = "ruff-0.4.3-py3-none-manylinux_2_17_x86_64.manylinux2014_x86_64.whl", hash = "sha256:18b00e0bcccf0fc8d7186ed21e311dffd19761cb632241a6e4fe4477cc80ef6e"},
    {file = "ruff-0.4.3-py3-none-musllinux_1_2_aarch64.whl", hash = "sha256:262f5635e2c74d80b7507fbc2fac28fe0d4fef26373bbc62039526f7722bca1b"},
    {file = "ruff-0.4.3-py3-none-musllinux_1_2_armv7l.whl", hash = "sha256:7363691198719c26459e08cc17c6a3dac6f592e9ea3d2fa772f4e561b5fe82a3"},
    {file = "ruff-0.4.3-py3-none-musllinux_1_2_i686.whl", hash = "sha256:eeb039f8428fcb6725bb63cbae92ad67b0559e68b5d80f840f11914afd8ddf7f"},
    {file = "ruff-0.4.3-py3-none-musllinux_1_2_x86_64.whl", hash = "sha256:927b11c1e4d0727ce1a729eace61cee88a334623ec424c0b1c8fe3e5f9d3c865"},
    {file = "ruff-0.4.3-py3-none-win32.whl", hash = "sha256:25cacda2155778beb0d064e0ec5a3944dcca9c12715f7c4634fd9d93ac33fd30"},
    {file = "ruff-0.4.3-py3-none-win_amd64.whl", hash = "sha256:7a1c3a450bc6539ef00da6c819fb1b76b6b065dec585f91456e7c0d6a0bbc725"},
    {file = "ruff-0.4.3-py3-none-win_arm64.whl", hash = "sha256:71ca5f8ccf1121b95a59649482470c5601c60a416bf189d553955b0338e34614"},
    {file = "ruff-0.4.3.tar.gz", hash = "sha256:ff0a3ef2e3c4b6d133fbedcf9586abfbe38d076041f2dc18ffb2c7e0485d5a07"},
]

[[package]]
name = "semver"
version = "3.0.2"
description = "Python helper for Semantic Versioning (https://semver.org)"
optional = false
python-versions = ">=3.7"
files = [
    {file = "semver-3.0.2-py3-none-any.whl", hash = "sha256:b1ea4686fe70b981f85359eda33199d60c53964284e0cfb4977d243e37cf4bf4"},
    {file = "semver-3.0.2.tar.gz", hash = "sha256:6253adb39c70f6e51afed2fa7152bcd414c411286088fb4b9effb133885ab4cc"},
]

[metadata]
lock-version = "2.0"
python-versions = "^3.10"
content-hash = "1419dc4b3c6ed44507646b61963494e8532530542cd65dba81cb05ff3d4f91bb"
