# This file is automatically @generated by Poetry 2.1.4 and should not be changed by hand.

[[package]]
name = "mpy-cross-v5"
version = "1.1.0"
description = "Python wrapper for the mpy-cross tool from MicroPython."
optional = false
python-versions = "*"
groups = ["main"]
files = [
    {file = "mpy_cross_v5-1.1.0-py3-none-macosx_10_13_x86_64.whl", hash = "sha256:74cb3f4285c1ad93448b97ccdae326081981f56a9d0069e49748626542294bd2"},
    {file = "mpy_cross_v5-1.1.0-py3-none-macosx_11_0_arm64.whl", hash = "sha256:20f64df0451c618c338a7bd0a2430f5b750dbc05d9695025fea690159f5908ae"},
    {file = "mpy_cross_v5-1.1.0-py3-none-manylinux2014_aarch64.manylinux_2_17_aarch64.manylinux_2_28_aarch64.whl", hash = "sha256:9e93189bd679441158dfbc70235818671b91f18488201365e69cfcefbe85b50e"},
    {file = "mpy_cross_v5-1.1.0-py3-none-manylinux2014_x86_64.manylinux_2_17_x86_64.manylinux_2_28_x86_64.whl", hash = "sha256:5357eaf42cd2a2cfa7f764b2dfdcd656e832997c4e464728604f25f2df628aed"},
    {file = "mpy_cross_v5-1.1.0-py3-none-musllinux_1_2_aarch64.whl", hash = "sha256:e3e303f066d29406a6d1138163a373e8da1d08dbfce5d970d630701f59d74977"},
    {file = "mpy_cross_v5-1.1.0-py3-none-musllinux_1_2_x86_64.whl", hash = "sha256:e1158bfb3baf18d6c90491c9d70acd31ff48568269e4b4062634f9d0037a27b9"},
    {file = "mpy_cross_v5-1.1.0-py3-none-win32.whl", hash = "sha256:acaf1b46278c7923f22a357b56f78ae752276afe65d6580c6f6d8ce4700705a1"},
    {file = "mpy_cross_v5-1.1.0-py3-none-win_amd64.whl", hash = "sha256:2ab2141808f1144c14d3da7d9f60532860b578e946ce0ecdf348a3ba201abd11"},
    {file = "mpy_cross_v5-1.1.0-py3-none-win_arm64.whl", hash = "sha256:7f4ffa33edd784780c79931cdf21b40482bf056b6645d21717534b5a7af2596b"},
    {file = "mpy_cross_v5-1.1.0.tar.gz", hash = "sha256:4d6c2611d980b7dd5972380ce4f067c65059500e358e3fbc1662c63496f7933f"},
]

[[package]]
name = "mpy-cross-v6"
version = "1.1.0"
description = "Python wrapper for the mpy-cross tool from MicroPython."
optional = false
python-versions = "*"
groups = ["main"]
files = [
    {file = "mpy_cross_v6-1.1.0-py3-none-macosx_10_13_x86_64.whl", hash = "sha256:937d04f66e93757607cf88355125551b5cee2e4e0495a84f0776eaaac0a9afa7"},
    {file = "mpy_cross_v6-1.1.0-py3-none-macosx_11_0_arm64.whl", hash = "sha256:cc88c8dfba1b764c45bbba0a7e9193f5b6a5eee16c4433c1e0e68c0fc3963059"},
    {file = "mpy_cross_v6-1.1.0-py3-none-manylinux2014_aarch64.manylinux_2_17_aarch64.manylinux_2_28_aarch64.whl", hash = "sha256:fa06072a0ab7081b1182db9a353c3adb1e2498adae18a35ec067213e44b82431"},
    {file = "mpy_cross_v6-1.1.0-py3-none-manylinux2014_x86_64.manylinux_2_17_x86_64.manylinux_2_28_x86_64.whl", hash = "sha256:b7c58b85af2e233c27f48aeb2caf289d014b10cb6639ebc439776481383e7942"},
    {file = "mpy_cross_v6-1.1.0-py3-none-musllinux_1_2_aarch64.whl", hash = "sha256:b7cac764fffac8101e554fc680b18962ed3fd21b4119f8c34566ae5dad367c59"},
    {file = "mpy_cross_v6-1.1.0-py3-none-musllinux_1_2_x86_64.whl", hash = "sha256:8fdc34dd3f54ac25a8bc1ac9fe7d54e89537d6c3c66d97d90e8dd1de0c248c2a"},
    {file = "mpy_cross_v6-1.1.0-py3-none-win32.whl", hash = "sha256:0b83270468207a2d387bbecc5c73f4e8c6586ee456a41a188b985c29bbbc9e17"},
    {file = "mpy_cross_v6-1.1.0-py3-none-win_amd64.whl", hash = "sha256:baad0dcc41c67b0831ebdc4bfff5009d118158bb937ec51aca74f51ccebc1861"},
    {file = "mpy_cross_v6-1.1.0-py3-none-win_arm64.whl", hash = "sha256:807711b4b6725edc142f531ed9f08276e0a5fbd7467d365ec0cecd9fc11d6790"},
    {file = "mpy_cross_v6-1.1.0.tar.gz", hash = "sha256:977a0f82bb2570068f875f2ecf63807b55cf0ce10944cd1174ae14fb60ef897f"},
]

[[package]]
name = "mpy-cross-v6-1"
version = "1.0.1"
description = "Python wrapper for the mpy-cross tool from MicroPython."
optional = false
python-versions = "*"
groups = ["main"]
files = [
    {file = "mpy_cross_v6.1-1.0.1-py3-none-macosx_10_9_x86_64.whl", hash = "sha256:9605daa86e062b5d69b2c7a962df476ad3ef96aadf5fb0dd1d4db6348d1fedf4"},
    {file = "mpy_cross_v6.1-1.0.1-py3-none-macosx_11_0_arm64.whl", hash = "sha256:6266b69b444fd7067a6b1cb8ed2102af42b7c91eb69fc3996de662776807afba"},
    {file = "mpy_cross_v6.1-1.0.1-py3-none-manylinux_2_17_aarch64.manylinux2014_aarch64.whl", hash = "sha256:f1cc08228915e1e886389cf6e1f6433943bfe94ecf053ace5a6859a1ba759cfc"},
    {file = "mpy_cross_v6.1-1.0.1-py3-none-manylinux_2_17_x86_64.manylinux2014_x86_64.whl", hash = "sha256:66b4ea160896c09a8f3da3359df21f9a1ef1ad7cc2874c36e84f549dfb9ed5d1"},
    {file = "mpy_cross_v6.1-1.0.1-py3-none-musllinux_1_1_aarch64.whl", hash = "sha256:b9bd6dd994110cd67f28142e3f892e3c25daa3a68733400d7d39b0fae7c5baf3"},
    {file = "mpy_cross_v6.1-1.0.1-py3-none-musllinux_1_1_x86_64.whl", hash = "sha256:41ea529d2ab68ea81ea1bf1cbe39cbc8c51e3d4c6d1b2a8d7c0e5b2f43a75e54"},
    {file = "mpy_cross_v6.1-1.0.1-py3-none-win32.whl", hash = "sha256:8bf798176148a46f77c894c58b30258105d240c1bb7016bbd95405e2b18153c1"},
    {file = "mpy_cross_v6.1-1.0.1-py3-none-win_amd64.whl", hash = "sha256:0bd6de020968fabaa438405cc602e9eb9895c8358f35e0f0c4b171ffb7c87541"},
    {file = "mpy_cross_v6_1-1.0.1.tar.gz", hash = "sha256:7f7839aafbb290c12125381d8a24f3114a057aa3744aa2377492bee0d674c12c"},
]

[[package]]
name = "mpy-cross-v6-2"
version = "1.0.0"
description = "Python wrapper for the mpy-cross tool from MicroPython."
optional = false
python-versions = "*"
groups = ["main"]
files = [
    {file = "mpy_cross_v6.2-1.0.0-py3-none-macosx_10_9_x86_64.whl", hash = "sha256:209002d44995fe32d91178765b204c9a1b3f2efe14323674ef27ef6e9d236682"},
    {file = "mpy_cross_v6.2-1.0.0-py3-none-macosx_11_0_arm64.whl", hash = "sha256:c186bad8e7c9d21338ab8982860a6a23866cb2f4741f684de7a39869b3508337"},
    {file = "mpy_cross_v6.2-1.0.0-py3-none-manylinux_2_17_aarch64.manylinux2014_aarch64.whl", hash = "sha256:e7737b3c7f2fb4f5d862be7eca48ca36e9873d7417deeeba0ed49b08e451f6c1"},
    {file = "mpy_cross_v6.2-1.0.0-py3-none-manylinux_2_17_x86_64.manylinux2014_x86_64.whl", hash = "sha256:7677ed59e20b0ec5293b7d38d554799deb0fd94501919ac9fe74c90ac8c9917a"},
    {file = "mpy_cross_v6.2-1.0.0-py3-none-musllinux_1_1_aarch64.whl", hash = "sha256:d19fd26f2bc61e423b44123e31b441feb2c0a84f9330bb4cfb3bed504285e667"},
    {file = "mpy_cross_v6.2-1.0.0-py3-none-musllinux_1_1_x86_64.whl", hash = "sha256:685d4c467875dfbbca40391536a920cbff3c65ab4d81dbaf8122ea935dbd2313"},
    {file = "mpy_cross_v6.2-1.0.0-py3-none-win32.whl", hash = "sha256:4c38b2ad15f7ce5942a4b453a365e0c8180cf5e9b04a1daee4ed751dbef3fb29"},
    {file = "mpy_cross_v6.2-1.0.0-py3-none-win_amd64.whl", hash = "sha256:8beb42222a82450e3bbcb2ae95045d81281b8dfdf7a81e341d500b737ab37625"},
    {file = "mpy_cross_v6_2-1.0.0.tar.gz", hash = "sha256:a6e5133b8febdaaba54c87ce2d630196e3aa36e61bb0e8f233ec3cc87d808761"},
]

[[package]]
name = "mpy-cross-v6-3"
version = "1.0.0"
description = "Python wrapper for the mpy-cross tool from MicroPython."
optional = false
python-versions = "*"
groups = ["main"]
files = [
    {file = "mpy_cross_v6.3-1.0.0-py3-none-macosx_10_9_x86_64.whl", hash = "sha256:0e300826212ed6b7e71c78b5545a69e890772a664d8c7f75edf294e3eb24641f"},
    {file = "mpy_cross_v6.3-1.0.0-py3-none-macosx_11_0_arm64.whl", hash = "sha256:daa71057fc4be2b757a8b4b01fadf92b258f7416bac279f4dc11fb799b59fd25"},
    {file = "mpy_cross_v6.3-1.0.0-py3-none-manylinux_2_17_aarch64.manylinux2014_aarch64.whl", hash = "sha256:91529223a892fe2b79b5d769bf912815dcf937ab90e252caae5d871aee21fc1c"},
    {file = "mpy_cross_v6.3-1.0.0-py3-none-manylinux_2_17_x86_64.manylinux2014_x86_64.whl", hash = "sha256:768d43dae8b05910e3682f6d9287a1c1cc20dfbe198339dfcd1e676c749ef7b0"},
    {file = "mpy_cross_v6.3-1.0.0-py3-none-musllinux_1_2_aarch64.whl", hash = "sha256:559d2357321f6a14b9bed6c2d6e4fe33fbd8012fdcfa7e05488e7f5a297aa409"},
    {file = "mpy_cross_v6.3-1.0.0-py3-none-musllinux_1_2_x86_64.whl", hash = "sha256:e63ace8f8a9b4780ffa3037655d7241253b92baeabdc55ad6fd69857bbb6c95d"},
    {file = "mpy_cross_v6.3-1.0.0-py3-none-win32.whl", hash = "sha256:085adaf9072c9b0fea97ee99dc59fdc39df1f4d054656921505b79390e8927a7"},
    {file = "mpy_cross_v6.3-1.0.0-py3-none-win_amd64.whl", hash = "sha256:0082e69148e7e5aab3bc264b823e697cbd44284884a6dd12990a4b21ff7b3a24"},
    {file = "mpy_cross_v6_3-1.0.0.tar.gz", hash = "sha256:58e233609598d0a72f71ec907bccdc7d3c2ea08de85cc86a06dbaeb3382df9d8"},
]

[[package]]
name = "ruff"
version = "0.12.8"
description = "An extremely fast Python linter and code formatter, written in Rust."
optional = false
python-versions = ">=3.7"
groups = ["dev"]
files = [
    {file = "ruff-0.12.8-py3-none-linux_armv6l.whl", hash = "sha256:63cb5a5e933fc913e5823a0dfdc3c99add73f52d139d6cd5cc8639d0e0465513"},
    {file = "ruff-0.12.8-py3-none-macosx_10_12_x86_64.whl", hash = "sha256:9a9bbe28f9f551accf84a24c366c1aa8774d6748438b47174f8e8565ab9dedbc"},
    {file = "ruff-0.12.8-py3-none-macosx_11_0_arm64.whl", hash = "sha256:2fae54e752a3150f7ee0e09bce2e133caf10ce9d971510a9b925392dc98d2fec"},
    {file = "ruff-0.12.8-py3-none-manylinux_2_17_aarch64.manylinux2014_aarch64.whl", hash = "sha256:c0acbcf01206df963d9331b5838fb31f3b44fa979ee7fa368b9b9057d89f4a53"},
    {file = "ruff-0.12.8-py3-none-manylinux_2_17_armv7l.manylinux2014_armv7l.whl", hash = "sha256:ae3e7504666ad4c62f9ac8eedb52a93f9ebdeb34742b8b71cd3cccd24912719f"},
    {file = "ruff-0.12.8-py3-none-manylinux_2_17_i686.manylinux2014_i686.whl", hash = "sha256:cb82efb5d35d07497813a1c5647867390a7d83304562607f3579602fa3d7d46f"},
    {file = "ruff-0.12.8-py3-none-manylinux_2_17_ppc64.manylinux2014_ppc64.whl", hash = "sha256:dbea798fc0065ad0b84a2947b0aff4233f0cb30f226f00a2c5850ca4393de609"},
    {file = "ruff-0.12.8-py3-none-manylinux_2_17_ppc64le.manylinux2014_ppc64le.whl", hash = "sha256:49ebcaccc2bdad86fd51b7864e3d808aad404aab8df33d469b6e65584656263a"},
    {file = "ruff-0.12.8-py3-none-manylinux_2_17_s390x.manylinux2014_s390x.whl", hash = "sha256:0ac9c570634b98c71c88cb17badd90f13fc076a472ba6ef1d113d8ed3df109fb"},
    {file = "ruff-0.12.8-py3-none-manylinux_2_17_x86_64.manylinux2014_x86_64.whl", hash = "sha256:560e0cd641e45591a3e42cb50ef61ce07162b9c233786663fdce2d8557d99818"},
    {file = "ruff-0.12.8-py3-none-musllinux_1_2_aarch64.whl", hash = "sha256:71c83121512e7743fba5a8848c261dcc454cafb3ef2934a43f1b7a4eb5a447ea"},
    {file = "ruff-0.12.8-py3-none-musllinux_1_2_armv7l.whl", hash = "sha256:de4429ef2ba091ecddedd300f4c3f24bca875d3d8b23340728c3cb0da81072c3"},
    {file = "ruff-0.12.8-py3-none-musllinux_1_2_i686.whl", hash = "sha256:a2cab5f60d5b65b50fba39a8950c8746df1627d54ba1197f970763917184b161"},
    {file = "ruff-0.12.8-py3-none-musllinux_1_2_x86_64.whl", hash = "sha256:45c32487e14f60b88aad6be9fd5da5093dbefb0e3e1224131cb1d441d7cb7d46"},
    {file = "ruff-0.12.8-py3-none-win32.whl", hash = "sha256:daf3475060a617fd5bc80638aeaf2f5937f10af3ec44464e280a9d2218e720d3"},
    {file = "ruff-0.12.8-py3-none-win_amd64.whl", hash = "sha256:7209531f1a1fcfbe8e46bcd7ab30e2f43604d8ba1c49029bb420b103d0b5f76e"},
    {file = "ruff-0.12.8-py3-none-win_arm64.whl", hash = "sha256:c90e1a334683ce41b0e7a04f41790c429bf5073b62c1ae701c9dc5b3d14f0749"},
    {file = "ruff-0.12.8.tar.gz", hash = "sha256:4cb3a45525176e1009b2b64126acf5f9444ea59066262791febf55e40493a033"},
]

[[package]]
name = "semver"
version = "3.0.2"
description = "Python helper for Semantic Versioning (https://semver.org)"
optional = false
python-versions = ">=3.7"
groups = ["main"]
files = [
    {file = "semver-3.0.2-py3-none-any.whl", hash = "sha256:b1ea4686fe70b981f85359eda33199d60c53964284e0cfb4977d243e37cf4bf4"},
    {file = "semver-3.0.2.tar.gz", hash = "sha256:6253adb39c70f6e51afed2fa7152bcd414c411286088fb4b9effb133885ab4cc"},
]

[metadata]
lock-version = "2.1"
python-versions = ">=3.9"
content-hash = "ca0277d661599872b8103ef622d5ee529f7d6e8442efae9c009d5122566abea1"
